
Microsoft Visual Studio Solution File, Format Version 12.00
# Visual Studio Version 16
VisualStudioVersion = 16.0.30128.74
MinimumVisualStudioVersion = 10.0.40219.1
Project("{9A19103F-16F7-4668-BE54-9A1E7A4F7556}") = "VL.IO.OSC", "VL.IO.OSC.csproj", "{2651BD88-24E1-4491-ADDF-ED3B42E4E9EE}"
EndProject
Global
	GlobalSection(SolutionConfigurationPlatforms) = preSolution
		Debug|Any CPU = Debug|Any CPU
		Release|Any CPU = Release|Any CPU
	EndGlobalSection
	GlobalSection(ProjectConfigurationPlatforms) = postSolution
		{2651BD88-24E1-4491-ADDF-ED3B42E4E9EE}.Debug|Any CPU.ActiveCfg = Debug|Any CPU
		{2651BD88-24E1-4491-ADDF-ED3B42E4E9EE}.Debug|Any CPU.Build.0 = Debug|Any CPU
		{2651BD88-24E1-4491-ADDF-ED3B42E4E9EE}.Release|Any CPU.ActiveCfg = Release|Any CPU
		{2651BD88-24E1-4491-ADDF-ED3B42E4E9EE}.Release|Any CPU.Build.0 = Release|Any CPU
	EndGlobalSection
	GlobalSection(SolutionProperties) = preSolution
		HideSolutionNode = FALSE
	EndGlobalSection
	GlobalSection(ExtensibilityGlobals) = postSolution
		SolutionGuid = {A9661A2F-7FD5-4B01-B7AC-1C1F81BFA8E2}
	EndGlobalSection
EndGlobal
